
Microsoft Visual Studio Solution File, Format Version 12.00
# Visual Studio 2017
Project("{FAE04EC0-301F-11D3-BF4B-00C04F79EFBC}") = "IsometricGame", "IsometricGame.csproj", "{05D90A65-9393-7247-CF77-EEECED29749E}"
EndProject
Project("{FAE04EC0-301F-11D3-BF4B-00C04F79EFBC}") = "IsometricGame.Editor", "IsometricGame.Editor.csproj", "{4DC50B21-48C5-864D-3B64-ADB35C4B24AE}"
EndProject
Global
	GlobalSection(SolutionConfigurationPlatforms) = preSolution
		Debug|Any CPU = Debug|Any CPU
		Release|Any CPU = Release|Any CPU
	EndGlobalSection
	GlobalSection(ProjectConfigurationPlatforms) = postSolution
		{05D90A65-9393-7247-CF77-EEECED29749E}.Debug|Any CPU.ActiveCfg = Debug|Any CPU
		{05D90A65-9393-7247-CF77-EEECED29749E}.Debug|Any CPU.Build.0 = Debug|Any CPU
		{05D90A65-9393-7247-CF77-EEECED29749E}.Release|Any CPU.ActiveCfg = Release|Any CPU
		{05D90A65-9393-7247-CF77-EEECED29749E}.Release|Any CPU.Build.0 = Release|Any CPU
		{4DC50B21-48C5-864D-3B64-ADB35C4B24AE}.Debug|Any CPU.ActiveCfg = Debug|Any CPU
		{4DC50B21-48C5-864D-3B64-ADB35C4B24AE}.Debug|Any CPU.Build.0 = Debug|Any CPU
		{4DC50B21-48C5-864D-3B64-ADB35C4B24AE}.Release|Any CPU.ActiveCfg = Release|Any CPU
		{4DC50B21-48C5-864D-3B64-ADB35C4B24AE}.Release|Any CPU.Build.0 = Release|Any CPU
	EndGlobalSection
	GlobalSection(SolutionProperties) = preSolution
		HideSolutionNode = FALSE
	EndGlobalSection
EndGlobal
